
Microsoft Visual Studio Solution File, Format Version 12.00
# Visual Studio Version 17
VisualStudioVersion = 17.0.31717.71
MinimumVisualStudioVersion = 10.0.40219.1
Project("{9A19103F-16F7-4668-BE54-9A1E7A4F7556}") = "POCs.BackgroundNotifications.WindowsService", "POCs.BackgroundNotifications.Service\POCs.BackgroundNotifications.WindowsService.csproj", "{D9B4B792-83AA-4A80-9565-04BA7B70D926}"
EndProject
Project("{9A19103F-16F7-4668-BE54-9A1E7A4F7556}") = "POCs.BackGroundNotifications.Windows10", "POCs.BackGroundNotifications.Windows10\POCs.BackGroundNotifications.Windows10.csproj", "{F0ACE3FC-8AE7-4E5E-B541-682BD09E8A49}"
EndProject
Global
	GlobalSection(SolutionConfigurationPlatforms) = preSolution
		Debug|Any CPU = Debug|Any CPU
		Debug|ARM = Debug|ARM
		Debug|ARM64 = Debug|ARM64
		Debug|x64 = Debug|x64
		Debug|x86 = Debug|x86
		Release|Any CPU = Release|Any CPU
		Release|ARM = Release|ARM
		Release|ARM64 = Release|ARM64
		Release|x64 = Release|x64
		Release|x86 = Release|x86
	EndGlobalSection
	GlobalSection(ProjectConfigurationPlatforms) = postSolution
		{D9B4B792-83AA-4A80-9565-04BA7B70D926}.Debug|Any CPU.ActiveCfg = Debug|Any CPU
		{D9B4B792-83AA-4A80-9565-04BA7B70D926}.Debug|Any CPU.Build.0 = Debug|Any CPU
		{D9B4B792-83AA-4A80-9565-04BA7B70D926}.Debug|ARM.ActiveCfg = Debug|Any CPU
		{D9B4B792-83AA-4A80-9565-04BA7B70D926}.Debug|ARM.Build.0 = Debug|Any CPU
		{D9B4B792-83AA-4A80-9565-04BA7B70D926}.Debug|ARM64.ActiveCfg = Debug|Any CPU
		{D9B4B792-83AA-4A80-9565-04BA7B70D926}.Debug|ARM64.Build.0 = Debug|Any CPU
		{D9B4B792-83AA-4A80-9565-04BA7B70D926}.Debug|x64.ActiveCfg = Debug|Any CPU
		{D9B4B792-83AA-4A80-9565-04BA7B70D926}.Debug|x64.Build.0 = Debug|Any CPU
		{D9B4B792-83AA-4A80-9565-04BA7B70D926}.Debug|x86.ActiveCfg = Debug|Any CPU
		{D9B4B792-83AA-4A80-9565-04BA7B70D926}.Debug|x86.Build.0 = Debug|Any CPU
		{D9B4B792-83AA-4A80-9565-04BA7B70D926}.Release|Any CPU.ActiveCfg = Release|Any CPU
		{D9B4B792-83AA-4A80-9565-04BA7B70D926}.Release|Any CPU.Build.0 = Release|Any CPU
		{D9B4B792-83AA-4A80-9565-04BA7B70D926}.Release|ARM.ActiveCfg = Release|Any CPU
		{D9B4B792-83AA-4A80-9565-04BA7B70D926}.Release|ARM.Build.0 = Release|Any CPU
		{D9B4B792-83AA-4A80-9565-04BA7B70D926}.Release|ARM64.ActiveCfg = Release|Any CPU
		{D9B4B792-83AA-4A80-9565-04BA7B70D926}.Release|ARM64.Build.0 = Release|Any CPU
		{D9B4B792-83AA-4A80-9565-04BA7B70D926}.Release|x64.ActiveCfg = Release|Any CPU
		{D9B4B792-83AA-4A80-9565-04BA7B70D926}.Release|x64.Build.0 = Release|Any CPU
		{D9B4B792-83AA-4A80-9565-04BA7B70D926}.Release|x86.ActiveCfg = Release|Any CPU
		{D9B4B792-83AA-4A80-9565-04BA7B70D926}.Release|x86.Build.0 = Release|Any CPU
		{F0ACE3FC-8AE7-4E5E-B541-682BD09E8A49}.Debug|Any CPU.ActiveCfg = Debug|Any CPU
		{F0ACE3FC-8AE7-4E5E-B541-682BD09E8A49}.Debug|Any CPU.Build.0 = Debug|Any CPU
		{F0ACE3FC-8AE7-4E5E-B541-682BD09E8A49}.Debug|ARM.ActiveCfg = Debug|Any CPU
		{F0ACE3FC-8AE7-4E5E-B541-682BD09E8A49}.Debug|ARM.Build.0 = Debug|Any CPU
		{F0ACE3FC-8AE7-4E5E-B541-682BD09E8A49}.Debug|ARM64.ActiveCfg = Debug|Any CPU
		{F0ACE3FC-8AE7-4E5E-B541-682BD09E8A49}.Debug|ARM64.Build.0 = Debug|Any CPU
		{F0ACE3FC-8AE7-4E5E-B541-682BD09E8A49}.Debug|x64.ActiveCfg = Debug|Any CPU
		{F0ACE3FC-8AE7-4E5E-B541-682BD09E8A49}.Debug|x64.Build.0 = Debug|Any CPU
		{F0ACE3FC-8AE7-4E5E-B541-682BD09E8A49}.Debug|x86.ActiveCfg = Debug|Any CPU
		{F0ACE3FC-8AE7-4E5E-B541-682BD09E8A49}.Debug|x86.Build.0 = Debug|Any CPU
		{F0ACE3FC-8AE7-4E5E-B541-682BD09E8A49}.Release|Any CPU.ActiveCfg = Release|Any CPU
		{F0ACE3FC-8AE7-4E5E-B541-682BD09E8A49}.Release|Any CPU.Build.0 = Release|Any CPU
		{F0ACE3FC-8AE7-4E5E-B541-682BD09E8A49}.Release|ARM.ActiveCfg = Release|Any CPU
		{F0ACE3FC-8AE7-4E5E-B541-682BD09E8A49}.Release|ARM.Build.0 = Release|Any CPU
		{F0ACE3FC-8AE7-4E5E-B541-682BD09E8A49}.Release|ARM64.ActiveCfg = Release|Any CPU
		{F0ACE3FC-8AE7-4E5E-B541-682BD09E8A49}.Release|ARM64.Build.0 = Release|Any CPU
		{F0ACE3FC-8AE7-4E5E-B541-682BD09E8A49}.Release|x64.ActiveCfg = Release|Any CPU
		{F0ACE3FC-8AE7-4E5E-B541-682BD09E8A49}.Release|x64.Build.0 = Release|Any CPU
		{F0ACE3FC-8AE7-4E5E-B541-682BD09E8A49}.Release|x86.ActiveCfg = Release|Any CPU
		{F0ACE3FC-8AE7-4E5E-B541-682BD09E8A49}.Release|x86.Build.0 = Release|Any CPU
	EndGlobalSection
	GlobalSection(SolutionProperties) = preSolution
		HideSolutionNode = FALSE
	EndGlobalSection
	GlobalSection(ExtensibilityGlobals) = postSolution
		SolutionGuid = {1792BC76-C0CE-4332-807D-0AC804698912}
	EndGlobalSection
EndGlobal
